// !$*UTF8*$!
{
	archiveVersion = 1;
	classes = {
	};
	objectVersion = 77;
	objects = {

/* Begin PBXContainerItemProxy section */
		7E2E95C12E6DFC280026D385 /* PBXContainerItemProxy */ = {
			isa = PBXContainerItemProxy;
			containerPortal = 7E2E95AB2E6DFC260026D385 /* Project object */;
			proxyType = 1;
			remoteGlobalIDString = 7E2E95B22E6DFC260026D385;
			remoteInfo = mobileIOS;
		};
		7E2E95CB2E6DFC280026D385 /* PBXContainerItemProxy */ = {
			isa = PBXContainerItemProxy;
			containerPortal = 7E2E95AB2E6DFC260026D385 /* Project object */;
			proxyType = 1;
			remoteGlobalIDString = 7E2E95B22E6DFC260026D385;
			remoteInfo = mobileIOS;
		};
/* End PBXContainerItemProxy section */

/* Begin PBXFileReference section */
		7E2E95B32E6DFC260026D385 /* mobileIOS.app */ = {isa = PBXFileReference; explicitFileType = wrapper.application; includeInIndex = 0; path = mobileIOS.app; sourceTree = BUILT_PRODUCTS_DIR; };
		7E2E95C02E6DFC280026D385 /* mobileIOSTests.xctest */ = {isa = PBXFileReference; explicitFileType = wrapper.cfbundle; includeInIndex = 0; path = mobileIOSTests.xctest; sourceTree = BUILT_PRODUCTS_DIR; };
		7E2E95CA2E6DFC280026D385 /* mobileIOSUITests.xctest */ = {isa = PBXFileReference; explicitFileType = wrapper.cfbundle; includeInIndex = 0; path = mobileIOSUITests.xctest; sourceTree = BUILT_PRODUCTS_DIR; };
/* End PBXFileReference section */

/* Begin PBXFileSystemSynchronizedRootGroup section */
		7E2E95B52E6DFC260026D385 /* mobileIOS */ = {
			isa = PBXFileSystemSynchronizedRootGroup;
			path = mobileIOS;
			sourceTree = "<group>";
		};
		7E2E95C32E6DFC280026D385 /* mobileIOSTests */ = {
			isa = PBXFileSystemSynchronizedRootGroup;
			path = mobileIOSTests;
			sourceTree = "<group>";
		};
		7E2E95CD2E6DFC280026D385 /* mobileIOSUITests */ = {
			isa = PBXFileSystemSynchronizedRootGroup;
			path = mobileIOSUITests;
			sourceTree = "<group>";
		};
/* End PBXFileSystemSynchronizedRootGroup section */

/* Begin PBXFrameworksBuildPhase section */
		7E2E95B02E6DFC260026D385 /* Frameworks */ = {
			isa = PBXFrameworksBuildPhase;
			buildActionMask = 2147483647;
			files = (
			);
			runOnlyForDeploymentPostprocessing = 0;
		};
		7E2E95BD2E6DFC280026D385 /* Frameworks */ = {
			isa = PBXFrameworksBuildPhase;
			buildActionMask = 2147483647;
			files = (
			);
			runOnlyForDeploymentPostprocessing = 0;
		};
		7E2E95C72E6DFC280026D385 /* Frameworks */ = {
			isa = PBXFrameworksBuildPhase;
			buildActionMask = 2147483647;
			files = (
			);
			runOnlyForDeploymentPostprocessing = 0;
		};
/* End PBXFrameworksBuildPhase section */

/* Begin PBXGroup section */
		7E2E95AA2E6DFC260026D385 = {
			isa = PBXGroup;
			children = (
				7E2E95B52E6DFC260026D385 /* mobileIOS */,
				7E2E95C32E6DFC280026D385 /* mobileIOSTests */,
				7E2E95CD2E6DFC280026D385 /* mobileIOSUITests */,
				7E2E95B42E6DFC260026D385 /* Products */,
			);
			sourceTree = "<group>";
		};
		7E2E95B42E6DFC260026D385 /* Products */ = {
			isa = PBXGroup;
			children = (
				7E2E95B32E6DFC260026D385 /* mobileIOS.app */,
				7E2E95C02E6DFC280026D385 /* mobileIOSTests.xctest */,
				7E2E95CA2E6DFC280026D385 /* mobileIOSUITests.xctest */,
			);
			name = Products;
			sourceTree = "<group>";
		};
/* End PBXGroup section */

/* Begin PBXNativeTarget section */
		7E2E95B22E6DFC260026D385 /* mobileIOS */ = {
			isa = PBXNativeTarget;
			buildConfigurationList = 7E2E95D42E6DFC280026D385 /* Build configuration list for PBXNativeTarget "mobileIOS" */;
			buildPhases = (
				7E2E95AF2E6DFC260026D385 /* Sources */,
				7E2E95B02E6DFC260026D385 /* Frameworks */,
				7E2E95B12E6DFC260026D385 /* Resources */,
			);
			buildRules = (
			);
			dependencies = (
			);
			fileSystemSynchronizedGroups = (
				7E2E95B52E6DFC260026D385 /* mobileIOS */,
			);
			name = mobileIOS;
			packageProductDependencies = (
			);
			productName = mobileIOS;
			productReference = 7E2E95B32E6DFC260026D385 /* mobileIOS.app */;
			productType = "com.apple.product-type.application";
		};
		7E2E95BF2E6DFC280026D385 /* mobileIOSTests */ = {
			isa = PBXNativeTarget;
			buildConfigurationList = 7E2E95D72E6DFC280026D385 /* Build configuration list for PBXNativeTarget "mobileIOSTests" */;
			buildPhases = (
				7E2E95BC2E6DFC280026D385 /* Sources */,
				7E2E95BD2E6DFC280026D385 /* Frameworks */,
				7E2E95BE2E6DFC280026D385 /* Resources */,
			);
			buildRules = (
			);
			dependencies = (
				7E2E95C22E6DFC280026D385 /* PBXTargetDependency */,
			);
			fileSystemSynchronizedGroups = (
				7E2E95C32E6DFC280026D385 /* mobileIOSTests */,
			);
			name = mobileIOSTests;
			packageProductDependencies = (
			);
			productName = mobileIOSTests;
			productReference = 7E2E95C02E6DFC280026D385 /* mobileIOSTests.xctest */;
			productType = "com.apple.product-type.bundle.unit-test";
		};
		7E2E95C92E6DFC280026D385 /* mobileIOSUITests */ = {
			isa = PBXNativeTarget;
			buildConfigurationList = 7E2E95DA2E6DFC280026D385 /* Build configuration list for PBXNativeTarget "mobileIOSUITests" */;
			buildPhases = (
				7E2E95C62E6DFC280026D385 /* Sources */,
				7E2E95C72E6DFC280026D385 /* Frameworks */,
				7E2E95C82E6DFC280026D385 /* Resources */,
			);
			buildRules = (
			);
			dependencies = (
				7E2E95CC2E6DFC280026D385 /* PBXTargetDependency */,
			);
			fileSystemSynchronizedGroups = (
				7E2E95CD2E6DFC280026D385 /* mobileIOSUITests */,
			);
			name = mobileIOSUITests;
			packageProductDependencies = (
			);
			productName = mobileIOSUITests;
			productReference = 7E2E95CA2E6DFC280026D385 /* mobileIOSUITests.xctest */;
			productType = "com.apple.product-type.bundle.ui-testing";
		};
/* End PBXNativeTarget section */

/* Begin PBXProject section */
		7E2E95AB2E6DFC260026D385 /* Project object */ = {
			isa = PBXProject;
			attributes = {
				BuildIndependentTargetsInParallel = 1;
				LastSwiftUpdateCheck = 1640;
				LastUpgradeCheck = 1640;
				TargetAttributes = {
					7E2E95B22E6DFC260026D385 = {
						CreatedOnToolsVersion = 16.4;
					};
					7E2E95BF2E6DFC280026D385 = {
						CreatedOnToolsVersion = 16.4;
						TestTargetID = 7E2E95B22E6DFC260026D385;
					};
					7E2E95C92E6DFC280026D385 = {
						CreatedOnToolsVersion = 16.4;
						TestTargetID = 7E2E95B22E6DFC260026D385;
					};
				};
			};
			buildConfigurationList = 7E2E95AE2E6DFC260026D385 /* Build configuration list for PBXProject "mobileIOS" */;
			developmentRegion = en;
			hasScannedForEncodings = 0;
			knownRegions = (
				en,
				Base,
			);
			mainGroup = 7E2E95AA2E6DFC260026D385;
			minimizedProjectReferenceProxies = 1;
			preferredProjectObjectVersion = 77;
			productRefGroup = 7E2E95B42E6DFC260026D385 /* Products */;
			projectDirPath = "";
			projectRoot = "";
			targets = (
				7E2E95B22E6DFC260026D385 /* mobileIOS */,
				7E2E95BF2E6DFC280026D385 /* mobileIOSTests */,
				7E2E95C92E6DFC280026D385 /* mobileIOSUITests */,
			);
		};
/* End PBXProject section */

/* Begin PBXResourcesBuildPhase section */
		7E2E95B12E6DFC260026D385 /* Resources */ = {
			isa = PBXResourcesBuildPhase;
			buildActionMask = 2147483647;
			files = (
			);
			runOnlyForDeploymentPostprocessing = 0;
		};
		7E2E95BE2E6DFC280026D385 /* Resources */ = {
			isa = PBXResourcesBuildPhase;
			buildActionMask = 2147483647;
			files = (
			);
			runOnlyForDeploymentPostprocessing = 0;
		};
		7E2E95C82E6DFC280026D385 /* Resources */ = {
			isa = PBXResourcesBuildPhase;
			buildActionMask = 2147483647;
			files = (
			);
			runOnlyForDeploymentPostprocessing = 0;
		};
/* End PBXResourcesBuildPhase section */

/* Begin PBXSourcesBuildPhase section */
		7E2E95AF2E6DFC260026D385 /* Sources */ = {
			isa = PBXSourcesBuildPhase;
			buildActionMask = 2147483647;
			files = (
			);
			runOnlyForDeploymentPostprocessing = 0;
		};
		7E2E95BC2E6DFC280026D385 /* Sources */ = {
			isa = PBXSourcesBuildPhase;
			buildActionMask = 2147483647;
			files = (
			);
			runOnlyForDeploymentPostprocessing = 0;
		};
		7E2E95C62E6DFC280026D385 /* Sources */ = {
			isa = PBXSourcesBuildPhase;
			buildActionMask = 2147483647;
			files = (
			);
			runOnlyForDeploymentPostprocessing = 0;
		};
/* End PBXSourcesBuildPhase section */

/* Begin PBXTargetDependency section */
		7E2E95C22E6DFC280026D385 /* PBXTargetDependency */ = {
			isa = PBXTargetDependency;
			target = 7E2E95B22E6DFC260026D385 /* mobileIOS */;
			targetProxy = 7E2E95C12E6DFC280026D385 /* PBXContainerItemProxy */;
		};
		7E2E95CC2E6DFC280026D385 /* PBXTargetDependency */ = {
			isa = PBXTargetDependency;
			target = 7E2E95B22E6DFC260026D385 /* mobileIOS */;
			targetProxy = 7E2E95CB2E6DFC280026D385 /* PBXContainerItemProxy */;
		};
/* End PBXTargetDependency section */

/* Begin XCBuildConfiguration section */
		7E2E95D22E6DFC280026D385 /* Debug */ = {
			isa = XCBuildConfiguration;
			buildSettings = {
				ALWAYS_SEARCH_USER_PATHS = NO;
				ASSETCATALOG_COMPILER_GENERATE_SWIFT_ASSET_SYMBOL_EXTENSIONS = YES;
				CLANG_ANALYZER_NONNULL = YES;
				CLANG_ANALYZER_NUMBER_OBJECT_CONVERSION = YES_AGGRESSIVE;
				CLANG_CXX_LANGUAGE_STANDARD = "gnu++20";
				CLANG_ENABLE_MODULES = YES;
				CLANG_ENABLE_OBJC_ARC = YES;
				CLANG_ENABLE_OBJC_WEAK = YES;
				CLANG_WARN_BLOCK_CAPTURE_AUTORELEASING = YES;
				CLANG_WARN_BOOL_CONVERSION = YES;
				CLANG_WARN_COMMA = YES;
				CLANG_WARN_CONSTANT_CONVERSION = YES;
				CLANG_WARN_DEPRECATED_OBJC_IMPLEMENTATIONS = YES;
				CLANG_WARN_DIRECT_OBJC_ISA_USAGE = YES_ERROR;
				CLANG_WARN_DOCUMENTATION_COMMENTS = YES;
				CLANG_WARN_EMPTY_BODY = YES;
				CLANG_WARN_ENUM_CONVERSION = YES;
				CLANG_WARN_INFINITE_RECURSION = YES;
				CLANG_WARN_INT_CONVERSION = YES;
				CLANG_WARN_NON_LITERAL_NULL_CONVERSION = YES;
				CLANG_WARN_OBJC_IMPLICIT_RETAIN_SELF = YES;
				CLANG_WARN_OBJC_LITERAL_CONVERSION = YES;
				CLANG_WARN_OBJC_ROOT_CLASS = YES_ERROR;
				CLANG_WARN_QUOTED_INCLUDE_IN_FRAMEWORK_HEADER = YES;
				CLANG_WARN_RANGE_LOOP_ANALYSIS = YES;
				CLANG_WARN_STRICT_PROTOTYPES = YES;
				CLANG_WARN_SUSPICIOUS_MOVE = YES;
				CLANG_WARN_UNGUARDED_AVAILABILITY = YES_AGGRESSIVE;
				CLANG_WARN_UNREACHABLE_CODE = YES;
				CLANG_WARN__DUPLICATE_METHOD_MATCH = YES;
				COPY_PHASE_STRIP = NO;
				DEBUG_INFORMATION_FORMAT = dwarf;
				ENABLE_STRICT_OBJC_MSGSEND = YES;
				ENABLE_TESTABILITY = YES;
				ENABLE_USER_SCRIPT_SANDBOXING = YES;
				GCC_C_LANGUAGE_STANDARD = gnu17;
				GCC_DYNAMIC_NO_PIC = NO;
				GCC_NO_COMMON_BLOCKS = YES;
				GCC_OPTIMIZATION_LEVEL = 0;
				GCC_PREPROCESSOR_DEFINITIONS = (
					"DEBUG=1",
					"$(inherited)",
				);
				GCC_WARN_64_TO_32_BIT_CONVERSION = YES;
				GCC_WARN_ABOUT_RETURN_TYPE = YES_ERROR;
				GCC_WARN_UNDECLARED_SELECTOR = YES;
				GCC_WARN_UNINITIALIZED_AUTOS = YES_AGGRESSIVE;
				GCC_WARN_UNUSED_FUNCTION = YES;
				GCC_WARN_UNUSED_VARIABLE = YES;
				IPHONEOS_DEPLOYMENT_TARGET = 18.5;
				LOCALIZATION_PREFERS_STRING_CATALOGS = YES;
				MTL_ENABLE_DEBUG_INFO = INCLUDE_SOURCE;
				MTL_FAST_MATH = YES;
				ONLY_ACTIVE_ARCH = YES;
				SDKROOT = iphoneos;
				SWIFT_ACTIVE_COMPILATION_CONDITIONS = "DEBUG $(inherited)";
				SWIFT_OPTIMIZATION_LEVEL = "-Onone";
			};
			name = Debug;
		};
		7E2E95D32E6DFC280026D385 /* Release */ = {
			isa = XCBuildConfiguration;
			buildSettings = {
				ALWAYS_SEARCH_USER_PATHS = NO;
				ASSETCATALOG_COMPILER_GENERATE_SWIFT_ASSET_SYMBOL_EXTENSIONS = YES;
				CLANG_ANALYZER_NONNULL = YES;
				CLANG_ANALYZER_NUMBER_OBJECT_CONVERSION = YES_AGGRESSIVE;
				CLANG_CXX_LANGUAGE_STANDARD = "gnu++20";
				CLANG_ENABLE_MODULES = YES;
				CLANG_ENABLE_OBJC_ARC = YES;
				CLANG_ENABLE_OBJC_WEAK = YES;
				CLANG_WARN_BLOCK_CAPTURE_AUTORELEASING = YES;
				CLANG_WARN_BOOL_CONVERSION = YES;
				CLANG_WARN_COMMA = YES;
				CLANG_WARN_CONSTANT_CONVERSION = YES;
				CLANG_WARN_DEPRECATED_OBJC_IMPLEMENTATIONS = YES;
				CLANG_WARN_DIRECT_OBJC_ISA_USAGE = YES_ERROR;
				CLANG_WARN_DOCUMENTATION_COMMENTS = YES;
				CLANG_WARN_EMPTY_BODY = YES;
				CLANG_WARN_ENUM_CONVERSION = YES;
				CLANG_WARN_INFINITE_RECURSION = YES;
				CLANG_WARN_INT_CONVERSION = YES;
				CLANG_WARN_NON_LITERAL_NULL_CONVERSION = YES;
				CLANG_WARN_OBJC_IMPLICIT_RETAIN_SELF = YES;
				CLANG_WARN_OBJC_LITERAL_CONVERSION = YES;
				CLANG_WARN_OBJC_ROOT_CLASS = YES_ERROR;
				CLANG_WARN_QUOTED_INCLUDE_IN_FRAMEWORK_HEADER = YES;
				CLANG_WARN_RANGE_LOOP_ANALYSIS = YES;
				CLANG_WARN_STRICT_PROTOTYPES = YES;
				CLANG_WARN_SUSPICIOUS_MOVE = YES;
				CLANG_WARN_UNGUARDED_AVAILABILITY = YES_AGGRESSIVE;
				CLANG_WARN_UNREACHABLE_CODE = YES;
				CLANG_WARN__DUPLICATE_METHOD_MATCH = YES;
				COPY_PHASE_STRIP = NO;
				DEBUG_INFORMATION_FORMAT = "dwarf-with-dsym";
				ENABLE_NS_ASSERTIONS = NO;
				ENABLE_STRICT_OBJC_MSGSEND = YES;
				ENABLE_USER_SCRIPT_SANDBOXING = YES;
				GCC_C_LANGUAGE_STANDARD = gnu17;
				GCC_NO_COMMON_BLOCKS = YES;
				GCC_WARN_64_TO_32_BIT_CONVERSION = YES;
				GCC_WARN_ABOUT_RETURN_TYPE = YES_ERROR;
				GCC_WARN_UNDECLARED_SELECTOR = YES;
				GCC_WARN_UNINITIALIZED_AUTOS = YES_AGGRESSIVE;
				GCC_WARN_UNUSED_FUNCTION = YES;
				GCC_WARN_UNUSED_VARIABLE = YES;
				IPHONEOS_DEPLOYMENT_TARGET = 18.5;
				LOCALIZATION_PREFERS_STRING_CATALOGS = YES;
				MTL_ENABLE_DEBUG_INFO = NO;
				MTL_FAST_MATH = YES;
				SDKROOT = iphoneos;
				SWIFT_COMPILATION_MODE = wholemodule;
				VALIDATE_PRODUCT = YES;
			};
			name = Release;
		};
		7E2E95D52E6DFC280026D385 /* Debug */ = {
			isa = XCBuildConfiguration;
			buildSettings = {
				ASSETCATALOG_COMPILER_APPICON_NAME = AppIcon;
				ASSETCATALOG_COMPILER_GLOBAL_ACCENT_COLOR_NAME = AccentColor;
				CODE_SIGN_STYLE = Automatic;
				CURRENT_PROJECT_VERSION = 1;
				ENABLE_PREVIEWS = YES;
				GENERATE_INFOPLIST_FILE = YES;
				INFOPLIST_KEY_UIApplicationSceneManifest_Generation = YES;
				INFOPLIST_KEY_UIApplicationSupportsIndirectInputEvents = YES;
				INFOPLIST_KEY_UILaunchScreen_Generation = YES;
				INFOPLIST_KEY_UISupportedInterfaceOrientations_iPad = "UIInterfaceOrientationPortrait UIInterfaceOrientationPortraitUpsideDown UIInterfaceOrientationLandscapeLeft UIInterfaceOrientationLandscapeRight";
				INFOPLIST_KEY_UISupportedInterfaceOrientations_iPhone = "UIInterfaceOrientationPortrait UIInterfaceOrientationLandscapeLeft UIInterfaceOrientationLandscapeRight";
				LD_RUNPATH_SEARCH_PATHS = (
					"$(inherited)",
					"@executable_path/Frameworks",
				);
				MARKETING_VERSION = 1.0;
				PRODUCT_BUNDLE_IDENTIFIER = samtincs.mobileIOS;
				PRODUCT_NAME = "$(TARGET_NAME)";
				SWIFT_EMIT_LOC_STRINGS = YES;
				SWIFT_VERSION = 5.0;
				TARGETED_DEVICE_FAMILY = "1,2";
			};
			name = Debug;
		};
		7E2E95D62E6DFC280026D385 /* Release */ = {
			isa = XCBuildConfiguration;
			buildSettings = {
				ASSETCATALOG_COMPILER_APPICON_NAME = AppIcon;
				ASSETCATALOG_COMPILER_GLOBAL_ACCENT_COLOR_NAME = AccentColor;
				CODE_SIGN_STYLE = Automatic;
				CURRENT_PROJECT_VERSION = 1;
				ENABLE_PREVIEWS = YES;
				GENERATE_INFOPLIST_FILE = YES;
				INFOPLIST_KEY_UIApplicationSceneManifest_Generation = YES;
				INFOPLIST_KEY_UIApplicationSupportsIndirectInputEvents = YES;
				INFOPLIST_KEY_UILaunchScreen_Generation = YES;
				INFOPLIST_KEY_UISupportedInterfaceOrientations_iPad = "UIInterfaceOrientationPortrait UIInterfaceOrientationPortraitUpsideDown UIInterfaceOrientationLandscapeLeft UIInterfaceOrientationLandscapeRight";
				INFOPLIST_KEY_UISupportedInterfaceOrientations_iPhone = "UIInterfaceOrientationPortrait UIInterfaceOrientationLandscapeLeft UIInterfaceOrientationLandscapeRight";
				LD_RUNPATH_SEARCH_PATHS = (
					"$(inherited)",
					"@executable_path/Frameworks",
				);
				MARKETING_VERSION = 1.0;
				PRODUCT_BUNDLE_IDENTIFIER = samtincs.mobileIOS;
				PRODUCT_NAME = "$(TARGET_NAME)";
				SWIFT_EMIT_LOC_STRINGS = YES;
				SWIFT_VERSION = 5.0;
				TARGETED_DEVICE_FAMILY = "1,2";
			};
			name = Release;
		};
		7E2E95D82E6DFC280026D385 /* Debug */ = {
			isa = XCBuildConfiguration;
			buildSettings = {
				BUNDLE_LOADER = "$(TEST_HOST)";
				CODE_SIGN_STYLE = Automatic;
				CURRENT_PROJECT_VERSION = 1;
				GENERATE_INFOPLIST_FILE = YES;
				IPHONEOS_DEPLOYMENT_TARGET = 18.5;
				MARKETING_VERSION = 1.0;
				PRODUCT_BUNDLE_IDENTIFIER = samtincs.mobileIOSTests;
				PRODUCT_NAME = "$(TARGET_NAME)";
				SWIFT_EMIT_LOC_STRINGS = NO;
				SWIFT_VERSION = 5.0;
				TARGETED_DEVICE_FAMILY = "1,2";
				TEST_HOST = "$(BUILT_PRODUCTS_DIR)/mobileIOS.app/$(BUNDLE_EXECUTABLE_FOLDER_PATH)/mobileIOS";
			};
			name = Debug;
		};
		7E2E95D92E6DFC280026D385 /* Release */ = {
			isa = XCBuildConfiguration;
			buildSettings = {
				BUNDLE_LOADER = "$(TEST_HOST)";
				CODE_SIGN_STYLE = Automatic;
				CURRENT_PROJECT_VERSION = 1;
				GENERATE_INFOPLIST_FILE = YES;
				IPHONEOS_DEPLOYMENT_TARGET = 18.5;
				MARKETING_VERSION = 1.0;
				PRODUCT_BUNDLE_IDENTIFIER = samtincs.mobileIOSTests;
				PRODUCT_NAME = "$(TARGET_NAME)";
				SWIFT_EMIT_LOC_STRINGS = NO;
				SWIFT_VERSION = 5.0;
				TARGETED_DEVICE_FAMILY = "1,2";
				TEST_HOST = "$(BUILT_PRODUCTS_DIR)/mobileIOS.app/$(BUNDLE_EXECUTABLE_FOLDER_PATH)/mobileIOS";
			};
			name = Release;
		};
		7E2E95DB2E6DFC280026D385 /* Debug */ = {
			isa = XCBuildConfiguration;
			buildSettings = {
				CODE_SIGN_STYLE = Automatic;
				CURRENT_PROJECT_VERSION = 1;
				GENERATE_INFOPLIST_FILE = YES;
				MARKETING_VERSION = 1.0;
				PRODUCT_BUNDLE_IDENTIFIER = samtincs.mobileIOSUITests;
				PRODUCT_NAME = "$(TARGET_NAME)";
				SWIFT_EMIT_LOC_STRINGS = NO;
				SWIFT_VERSION = 5.0;
				TARGETED_DEVICE_FAMILY = "1,2";
				TEST_TARGET_NAME = mobileIOS;
			};
			name = Debug;
		};
		7E2E95DC2E6DFC280026D385 /* Release */ = {
			isa = XCBuildConfiguration;
			buildSettings = {
				CODE_SIGN_STYLE = Automatic;
				CURRENT_PROJECT_VERSION = 1;
				GENERATE_INFOPLIST_FILE = YES;
				MARKETING_VERSION = 1.0;
				PRODUCT_BUNDLE_IDENTIFIER = samtincs.mobileIOSUITests;
				PRODUCT_NAME = "$(TARGET_NAME)";
				SWIFT_EMIT_LOC_STRINGS = NO;
				SWIFT_VERSION = 5.0;
				TARGETED_DEVICE_FAMILY = "1,2";
				TEST_TARGET_NAME = mobileIOS;
			};
			name = Release;
		};
/* End XCBuildConfiguration section */

/* Begin XCConfigurationList section */
		7E2E95AE2E6DFC260026D385 /* Build configuration list for PBXProject "mobileIOS" */ = {
			isa = XCConfigurationList;
			buildConfigurations = (
				7E2E95D22E6DFC280026D385 /* Debug */,
				7E2E95D32E6DFC280026D385 /* Release */,
			);
			defaultConfigurationIsVisible = 0;
			defaultConfigurationName = Release;
		};
		7E2E95D42E6DFC280026D385 /* Build configuration list for PBXNativeTarget "mobileIOS" */ = {
			isa = XCConfigurationList;
			buildConfigurations = (
				7E2E95D52E6DFC280026D385 /* Debug */,
				7E2E95D62E6DFC280026D385 /* Release */,
			);
			defaultConfigurationIsVisible = 0;
			defaultConfigurationName = Release;
		};
		7E2E95D72E6DFC280026D385 /* Build configuration list for PBXNativeTarget "mobileIOSTests" */ = {
			isa = XCConfigurationList;
			buildConfigurations = (
				7E2E95D82E6DFC280026D385 /* Debug */,
				7E2E95D92E6DFC280026D385 /* Release */,
			);
			defaultConfigurationIsVisible = 0;
			defaultConfigurationName = Release;
		};
		7E2E95DA2E6DFC280026D385 /* Build configuration list for PBXNativeTarget "mobileIOSUITests" */ = {
			isa = XCConfigurationList;
			buildConfigurations = (
				7E2E95DB2E6DFC280026D385 /* Debug */,
				7E2E95DC2E6DFC280026D385 /* Release */,
			);
			defaultConfigurationIsVisible = 0;
			defaultConfigurationName = Release;
		};
/* End XCConfigurationList section */
	};
	rootObject = 7E2E95AB2E6DFC260026D385 /* Project object */;
}
